
Microsoft Visual Studio Solution File, Format Version 12.00
# Visual Studio Version 16
VisualStudioVersion = 16.0.29613.14
MinimumVisualStudioVersion = 10.0.40219.1
Project("{FAE04EC0-301F-11D3-BF4B-00C04F79EFBC}") = "Composite", "Composite\Composite.csproj", "{AB601C01-0AC2-4904-8954-FF2374B50F3C}"
EndProject
Global
	GlobalSection(SolutionConfigurationPlatforms) = preSolution
		Debug|Any CPU = Debug|Any CPU
		Release|Any CPU = Release|Any CPU
	EndGlobalSection
	GlobalSection(ProjectConfigurationPlatforms) = postSolution
		{AB601C01-0AC2-4904-8954-FF2374B50F3C}.Debug|Any CPU.ActiveCfg = Debug|Any CPU
		{AB601C01-0AC2-4904-8954-FF2374B50F3C}.Debug|Any CPU.Build.0 = Debug|Any CPU
		{AB601C01-0AC2-4904-8954-FF2374B50F3C}.Release|Any CPU.ActiveCfg = Release|Any CPU
		{AB601C01-0AC2-4904-8954-FF2374B50F3C}.Release|Any CPU.Build.0 = Release|Any CPU
	EndGlobalSection
	GlobalSection(SolutionProperties) = preSolution
		HideSolutionNode = FALSE
	EndGlobalSection
	GlobalSection(ExtensibilityGlobals) = postSolution
		SolutionGuid = {D056B88A-9A99-4D31-8B3F-979C82E74FB4}
	EndGlobalSection
EndGlobal
